
Microsoft Visual Studio Solution File, Format Version 11.00
# Visual Studio 2010
Project("{FAE04EC0-301F-11D3-BF4B-00C04F79EFBC}") = "HeavyDuck.Utilities", "HeavyDuck.Utilities\HeavyDuck.Utilities.csproj", "{A62FD464-5C47-4AB4-96F3-44F49BABE959}"
EndProject
Global
	GlobalSection(SolutionConfigurationPlatforms) = preSolution
		Debug|Any CPU = Debug|Any CPU
		Release|Any CPU = Release|Any CPU
	EndGlobalSection
	GlobalSection(ProjectConfigurationPlatforms) = postSolution
		{A62FD464-5C47-4AB4-96F3-44F49BABE959}.Debug|Any CPU.ActiveCfg = Debug|Any CPU
		{A62FD464-5C47-4AB4-96F3-44F49BABE959}.Debug|Any CPU.Build.0 = Debug|Any CPU
		{A62FD464-5C47-4AB4-96F3-44F49BABE959}.Release|Any CPU.ActiveCfg = Release|Any CPU
		{A62FD464-5C47-4AB4-96F3-44F49BABE959}.Release|Any CPU.Build.0 = Release|Any CPU
	EndGlobalSection
	GlobalSection(SolutionProperties) = preSolution
		HideSolutionNode = FALSE
	EndGlobalSection
EndGlobal
